
Microsoft Visual Studio Solution File, Format Version 12.00
# Visual Studio 15
VisualStudioVersion = 15.0.28307.136
MinimumVisualStudioVersion = 10.0.40219.1
Project("{FAE04EC0-301F-11D3-BF4B-00C04F79EFBC}") = "Alarm", "Alarm\Alarm.csproj", "{7F8D38FE-9ED0-415D-AB2D-A58C38CFF44D}"
EndProject
Global
	GlobalSection(SolutionConfigurationPlatforms) = preSolution
		Debug|Any CPU = Debug|Any CPU
		Release|Any CPU = Release|Any CPU
	EndGlobalSection
	GlobalSection(ProjectConfigurationPlatforms) = postSolution
		{7F8D38FE-9ED0-415D-AB2D-A58C38CFF44D}.Debug|Any CPU.ActiveCfg = Debug|Any CPU
		{7F8D38FE-9ED0-415D-AB2D-A58C38CFF44D}.Debug|Any CPU.Build.0 = Debug|Any CPU
		{7F8D38FE-9ED0-415D-AB2D-A58C38CFF44D}.Release|Any CPU.ActiveCfg = Release|Any CPU
		{7F8D38FE-9ED0-415D-AB2D-A58C38CFF44D}.Release|Any CPU.Build.0 = Release|Any CPU
	EndGlobalSection
	GlobalSection(SolutionProperties) = preSolution
		HideSolutionNode = FALSE
	EndGlobalSection
	GlobalSection(ExtensibilityGlobals) = postSolution
		SolutionGuid = {EAABC20A-5578-4ED5-9546-E561055A05F1}
	EndGlobalSection
EndGlobal
